PODS:
  - FXBlurView (1.6.4)
  - SDWebImage (4.0.0):
    - SDWebImage/Core (= 4.0.0)
  - SDWebImage/Core (4.0.0)

DEPENDENCIES:
  - FXBlurView
  - SDWebImage

SPEC CHECKSUMS:
  FXBlurView: db786c2561cb49a09ae98407f52460096ab8a44f
  SDWebImage: 76a6348bdc74eb5a55dd08a091ef298e56b55e41

PODFILE CHECKSUM: 92d0d30273ab57db5a68559713fee3a51b54de32

COCOAPODS: 1.2.0
