// !$*UTF8*$!
{
	archiveVersion = 1;
	classes = {
	};
	objectVersion = 46;
	objects = {

/* Begin PBXBuildFile section */
		81C930DEA6A46A78A17C1269 /* Pods_TRZXZJWPhotoPicker.framework in Frameworks */ = {isa = PBXBuildFile; fileRef = 2F3B5411D61B7DAABB92E010 /* Pods_TRZXZJWPhotoPicker.framework */; };
		B73299AA1E65522F005D1D65 /* mss_browseLoading@2x.png in Resources */ = {isa = PBXBuildFile; fileRef = B732998F1E65522F005D1D65 /* mss_browseLoading@2x.png */; };
		B73299AB1E65522F005D1D65 /* mss_browseLoading@3x.png in Resources */ = {isa = PBXBuildFile; fileRef = B73299901E65522F005D1D65 /* mss_browseLoading@3x.png */; };
		B73299AC1E65522F005D1D65 /* MSSBrowseActionSheet.m in Sources */ = {isa = PBXBuildFile; fileRef = B73299921E65522F005D1D65 /* MSSBrowseActionSheet.m */; };
		B73299AD1E65522F005D1D65 /* MSSBrowseActionSheetCell.m in Sources */ = {isa = PBXBuildFile; fileRef = B73299941E65522F005D1D65 /* MSSBrowseActionSheetCell.m */; };
		B73299AE1E65522F005D1D65 /* MSSBrowseBaseViewController.m in Sources */ = {isa = PBXBuildFile; fileRef = B73299961E65522F005D1D65 /* MSSBrowseBaseViewController.m */; };
		B73299AF1E65522F005D1D65 /* MSSBrowseCollectionViewCell.m in Sources */ = {isa = PBXBuildFile; fileRef = B73299981E65522F005D1D65 /* MSSBrowseCollectionViewCell.m */; };
		B73299B01E65522F005D1D65 /* MSSBrowseLoadingImageView.m in Sources */ = {isa = PBXBuildFile; fileRef = B732999B1E65522F005D1D65 /* MSSBrowseLoadingImageView.m */; };
		B73299B11E65522F005D1D65 /* MSSBrowseLocalViewController.m in Sources */ = {isa = PBXBuildFile; fileRef = B732999D1E65522F005D1D65 /* MSSBrowseLocalViewController.m */; };
		B73299B21E65522F005D1D65 /* MSSBrowseModel.m in Sources */ = {isa = PBXBuildFile; fileRef = B732999F1E65522F005D1D65 /* MSSBrowseModel.m */; };
		B73299B31E65522F005D1D65 /* MSSBrowseNetworkViewController.m in Sources */ = {isa = PBXBuildFile; fileRef = B73299A11E65522F005D1D65 /* MSSBrowseNetworkViewController.m */; };
		B73299B41E65522F005D1D65 /* MSSBrowseRemindView.m in Sources */ = {isa = PBXBuildFile; fileRef = B73299A31E65522F005D1D65 /* MSSBrowseRemindView.m */; };
		B73299B51E65522F005D1D65 /* MSSBrowseZoomScrollView.m in Sources */ = {isa = PBXBuildFile; fileRef = B73299A51E65522F005D1D65 /* MSSBrowseZoomScrollView.m */; };
		B73299B61E65522F005D1D65 /* UIImage+MSSScale.m in Sources */ = {isa = PBXBuildFile; fileRef = B73299A71E65522F005D1D65 /* UIImage+MSSScale.m */; };
		B73299B71E65522F005D1D65 /* UIView+MSSLayout.m in Sources */ = {isa = PBXBuildFile; fileRef = B73299A91E65522F005D1D65 /* UIView+MSSLayout.m */; };
		B7329A021E65574F005D1D65 /* NSData+ImageContentType.m in Sources */ = {isa = PBXBuildFile; fileRef = B73299E61E65574F005D1D65 /* NSData+ImageContentType.m */; };
		B7329A031E65574F005D1D65 /* SDImageCache.m in Sources */ = {isa = PBXBuildFile; fileRef = B73299E81E65574F005D1D65 /* SDImageCache.m */; };
		B7329A041E65574F005D1D65 /* SDWebImageCompat.m in Sources */ = {isa = PBXBuildFile; fileRef = B73299EA1E65574F005D1D65 /* SDWebImageCompat.m */; };
		B7329A051E65574F005D1D65 /* SDWebImageDecoder.m in Sources */ = {isa = PBXBuildFile; fileRef = B73299EC1E65574F005D1D65 /* SDWebImageDecoder.m */; };
		B7329A061E65574F005D1D65 /* SDWebImageDownloader.m in Sources */ = {isa = PBXBuildFile; fileRef = B73299EE1E65574F005D1D65 /* SDWebImageDownloader.m */; };
		B7329A071E65574F005D1D65 /* SDWebImageDownloaderOperation.m in Sources */ = {isa = PBXBuildFile; fileRef = B73299F01E65574F005D1D65 /* SDWebImageDownloaderOperation.m */; };
		B7329A081E65574F005D1D65 /* SDWebImageManager.m in Sources */ = {isa = PBXBuildFile; fileRef = B73299F21E65574F005D1D65 /* SDWebImageManager.m */; };
		B7329A091E65574F005D1D65 /* SDWebImagePrefetcher.m in Sources */ = {isa = PBXBuildFile; fileRef = B73299F51E65574F005D1D65 /* SDWebImagePrefetcher.m */; };
		B7329A0A1E65574F005D1D65 /* UIButton+WebCache.m in Sources */ = {isa = PBXBuildFile; fileRef = B73299F71E65574F005D1D65 /* UIButton+WebCache.m */; };
		B7329A0B1E65574F005D1D65 /* UIImage+GIF.m in Sources */ = {isa = PBXBuildFile; fileRef = B73299F91E65574F005D1D65 /* UIImage+GIF.m */; };
		B7329A0C1E65574F005D1D65 /* UIImage+MultiFormat.m in Sources */ = {isa = PBXBuildFile; fileRef = B73299FB1E65574F005D1D65 /* UIImage+MultiFormat.m */; };
		B7329A0D1E65574F005D1D65 /* UIImageView+HighlightedWebCache.m in Sources */ = {isa = PBXBuildFile; fileRef = B73299FD1E65574F005D1D65 /* UIImageView+HighlightedWebCache.m */; };
		B7329A0E1E65574F005D1D65 /* UIImageView+WebCache.m in Sources */ = {isa = PBXBuildFile; fileRef = B73299FF1E65574F005D1D65 /* UIImageView+WebCache.m */; };
		B7329A0F1E65574F005D1D65 /* UIView+WebCacheOperation.m in Sources */ = {isa = PBXBuildFile; fileRef = B7329A011E65574F005D1D65 /* UIView+WebCacheOperation.m */; };
		B7F240181E654A920096E3FD /* main.m in Sources */ = {isa = PBXBuildFile; fileRef = B7F240171E654A920096E3FD /* main.m */; };
		B7F2401B1E654A920096E3FD /* AppDelegate.m in Sources */ = {isa = PBXBuildFile; fileRef = B7F2401A1E654A920096E3FD /* AppDelegate.m */; };
		B7F2401E1E654A920096E3FD /* ViewController.m in Sources */ = {isa = PBXBuildFile; fileRef = B7F2401D1E654A920096E3FD /* ViewController.m */; };
		B7F240211E654A920096E3FD /* Main.storyboard in Resources */ = {isa = PBXBuildFile; fileRef = B7F2401F1E654A920096E3FD /* Main.storyboard */; };
		B7F240231E654A920096E3FD /* Assets.xcassets in Resources */ = {isa = PBXBuildFile; fileRef = B7F240221E654A920096E3FD /* Assets.xcassets */; };
		B7F240261E654A920096E3FD /* LaunchScreen.storyboard in Resources */ = {isa = PBXBuildFile; fileRef = B7F240241E654A920096E3FD /* LaunchScreen.storyboard */; };
		B7F240311E654A920096E3FD /* TRZXZJWPhotoPickerTests.m in Sources */ = {isa = PBXBuildFile; fileRef = B7F240301E654A920096E3FD /* TRZXZJWPhotoPickerTests.m */; };
		B7F2403C1E654A920096E3FD /* TRZXZJWPhotoPickerUITests.m in Sources */ = {isa = PBXBuildFile; fileRef = B7F2403B1E654A920096E3FD /* TRZXZJWPhotoPickerUITests.m */; };
		B7F240901E654CA80096E3FD /* AJGradientView.m in Sources */ = {isa = PBXBuildFile; fileRef = B7F240791E654CA80096E3FD /* AJGradientView.m */; };
		B7F240911E654CA80096E3FD /* AJPhotoGroupCell.m in Sources */ = {isa = PBXBuildFile; fileRef = B7F2407B1E654CA80096E3FD /* AJPhotoGroupCell.m */; };
		B7F240921E654CA80096E3FD /* AJPhotoGroupView.m in Sources */ = {isa = PBXBuildFile; fileRef = B7F2407D1E654CA80096E3FD /* AJPhotoGroupView.m */; };
		B7F240931E654CA80096E3FD /* AJPhotoListCell.m in Sources */ = {isa = PBXBuildFile; fileRef = B7F2407F1E654CA80096E3FD /* AJPhotoListCell.m */; };
		B7F240941E654CA80096E3FD /* AJPhotoListCellTapView.m in Sources */ = {isa = PBXBuildFile; fileRef = B7F240811E654CA80096E3FD /* AJPhotoListCellTapView.m */; };
		B7F240951E654CA80096E3FD /* AJPhotoListView.m in Sources */ = {isa = PBXBuildFile; fileRef = B7F240831E654CA80096E3FD /* AJPhotoListView.m */; };
		B7F240961E654CA80096E3FD /* AJPhotoPickerViewController.m in Sources */ = {isa = PBXBuildFile; fileRef = B7F240851E654CA80096E3FD /* AJPhotoPickerViewController.m */; };
		B7F240971E654CA80096E3FD /* AJPhotoBrowserViewController.m in Sources */ = {isa = PBXBuildFile; fileRef = B7F240891E654CA80096E3FD /* AJPhotoBrowserViewController.m */; };
		B7F240981E654CA80096E3FD /* AJPhotoTapDetectingImageView.m in Sources */ = {isa = PBXBuildFile; fileRef = B7F2408B1E654CA80096E3FD /* AJPhotoTapDetectingImageView.m */; };
		B7F240991E654CA80096E3FD /* AJPhotoZoomingScrollView.m in Sources */ = {isa = PBXBuildFile; fileRef = B7F2408D1E654CA80096E3FD /* AJPhotoZoomingScrollView.m */; };
		B7F2409A1E654CA80096E3FD /* AJTapDetectingView.m in Sources */ = {isa = PBXBuildFile; fileRef = B7F2408F1E654CA80096E3FD /* AJTapDetectingView.m */; };
		B7F240A01E654CD40096E3FD /* AssetsPickerVideo@2x.png in Resources */ = {isa = PBXBuildFile; fileRef = B7F2409C1E654CD40096E3FD /* AssetsPickerVideo@2x.png */; };
		B7F240A11E654CD40096E3FD /* BoAssetsCamera@2x.png in Resources */ = {isa = PBXBuildFile; fileRef = B7F2409D1E654CD40096E3FD /* BoAssetsCamera@2x.png */; };
		B7F240A21E654CD40096E3FD /* BoAssetsPickerChecked@2x.png in Resources */ = {isa = PBXBuildFile; fileRef = B7F2409E1E654CD40096E3FD /* BoAssetsPickerChecked@2x.png */; };
		B7F240A31E654CD40096E3FD /* BoSelectGroup_tip@2x.png in Resources */ = {isa = PBXBuildFile; fileRef = B7F2409F1E654CD40096E3FD /* BoSelectGroup_tip@2x.png */; };
/* End PBXBuildFile section */

/* Begin PBXContainerItemProxy section */
		B7F2402D1E654A920096E3FD /* PBXContainerItemProxy */ = {
			isa = PBXContainerItemProxy;
			containerPortal = B7F2400B1E654A910096E3FD /* Project object */;
			proxyType = 1;
			remoteGlobalIDString = B7F240121E654A920096E3FD;
			remoteInfo = TRZXZJWPhotoPicker;
		};
		B7F240381E654A920096E3FD /* PBXContainerItemProxy */ = {
			isa = PBXContainerItemProxy;
			containerPortal = B7F2400B1E654A910096E3FD /* Project object */;
			proxyType = 1;
			remoteGlobalIDString = B7F240121E654A920096E3FD;
			remoteInfo = TRZXZJWPhotoPicker;
		};
/* End PBXContainerItemProxy section */

/* Begin PBXFileReference section */
		2F3B5411D61B7DAABB92E010 /* Pods_TRZXZJWPhotoPicker.framework */ = {isa = PBXFileReference; explicitFileType = wrapper.framework; includeInIndex = 0; path = Pods_TRZXZJWPhotoPicker.framework; sourceTree = BUILT_PRODUCTS_DIR; };
		499455D4A66C72BFE8869440 /* Pods-TRZXZJWPhotoPicker.release.xcconfig */ = {isa = PBXFileReference; includeInIndex = 1; lastKnownFileType = text.xcconfig; name = "Pods-TRZXZJWPhotoPicker.release.xcconfig"; path = "Pods/Target Support Files/Pods-TRZXZJWPhotoPicker/Pods-TRZXZJWPhotoPicker.release.xcconfig"; sourceTree = "<group>"; };
		B732998F1E65522F005D1D65 /* mss_browseLoading@2x.png */ = {isa = PBXFileReference; lastKnownFileType = image.png; path = "mss_browseLoading@2x.png"; sourceTree = "<group>"; };
		B73299901E65522F005D1D65 /* mss_browseLoading@3x.png */ = {isa = PBXFileReference; lastKnownFileType = image.png; path = "mss_browseLoading@3x.png"; sourceTree = "<group>"; };
		B73299911E65522F005D1D65 /* MSSBrowseActionSheet.h */ = {isa = PBXFileReference; fileEncoding = 4; lastKnownFileType = sourcecode.c.h; path = MSSBrowseActionSheet.h; sourceTree = "<group>"; };
		B73299921E65522F005D1D65 /* MSSBrowseActionSheet.m */ = {isa = PBXFileReference; fileEncoding = 4; lastKnownFileType = sourcecode.c.objc; path = MSSBrowseActionSheet.m; sourceTree = "<group>"; };
		B73299931E65522F005D1D65 /* MSSBrowseActionSheetCell.h */ = {isa = PBXFileReference; fileEncoding = 4; lastKnownFileType = sourcecode.c.h; path = MSSBrowseActionSheetCell.h; sourceTree = "<group>"; };
		B73299941E65522F005D1D65 /* MSSBrowseActionSheetCell.m */ = {isa = PBXFileReference; fileEncoding = 4; lastKnownFileType = sourcecode.c.objc; path = MSSBrowseActionSheetCell.m; sourceTree = "<group>"; };
		B73299951E65522F005D1D65 /* MSSBrowseBaseViewController.h */ = {isa = PBXFileReference; fileEncoding = 4; lastKnownFileType = sourcecode.c.h; path = MSSBrowseBaseViewController.h; sourceTree = "<group>"; };
		B73299961E65522F005D1D65 /* MSSBrowseBaseViewController.m */ = {isa = PBXFileReference; fileEncoding = 4; lastKnownFileType = sourcecode.c.objc; path = MSSBrowseBaseViewController.m; sourceTree = "<group>"; };
		B73299971E65522F005D1D65 /* MSSBrowseCollectionViewCell.h */ = {isa = PBXFileReference; fileEncoding = 4; lastKnownFileType = sourcecode.c.h; path = MSSBrowseCollectionViewCell.h; sourceTree = "<group>"; };
		B73299981E65522F005D1D65 /* MSSBrowseCollectionViewCell.m */ = {isa = PBXFileReference; fileEncoding = 4; lastKnownFileType = sourcecode.c.objc; path = MSSBrowseCollectionViewCell.m; sourceTree = "<group>"; };
		B73299991E65522F005D1D65 /* MSSBrowseDefine.h */ = {isa = PBXFileReference; fileEncoding = 4; lastKnownFileType = sourcecode.c.h; path = MSSBrowseDefine.h; sourceTree = "<group>"; };
		B732999A1E65522F005D1D65 /* MSSBrowseLoadingImageView.h */ = {isa = PBXFileReference; fileEncoding = 4; lastKnownFileType = sourcecode.c.h; path = MSSBrowseLoadingImageView.h; sourceTree = "<group>"; };
		B732999B1E65522F005D1D65 /* MSSBrowseLoadingImageView.m */ = {isa = PBXFileReference; fileEncoding = 4; lastKnownFileType = sourcecode.c.objc; path = MSSBrowseLoadingImageView.m; sourceTree = "<group>"; };
		B732999C1E65522F005D1D65 /* MSSBrowseLocalViewController.h */ = {isa = PBXFileReference; fileEncoding = 4; lastKnownFileType = sourcecode.c.h; path = MSSBrowseLocalViewController.h; sourceTree = "<group>"; };
		B732999D1E65522F005D1D65 /* MSSBrowseLocalViewController.m */ = {isa = PBXFileReference; fileEncoding = 4; lastKnownFileType = sourcecode.c.objc; path = MSSBrowseLocalViewController.m; sourceTree = "<group>"; };
		B732999E1E65522F005D1D65 /* MSSBrowseModel.h */ = {isa = PBXFileReference; fileEncoding = 4; lastKnownFileType = sourcecode.c.h; path = MSSBrowseModel.h; sourceTree = "<group>"; };
		B732999F1E65522F005D1D65 /* MSSBrowseModel.m */ = {isa = PBXFileReference; fileEncoding = 4; lastKnownFileType = sourcecode.c.objc; path = MSSBrowseModel.m; sourceTree = "<group>"; };
		B73299A01E65522F005D1D65 /* MSSBrowseNetworkViewController.h */ = {isa = PBXFileReference; fileEncoding = 4; lastKnownFileType = sourcecode.c.h; path = MSSBrowseNetworkViewController.h; sourceTree = "<group>"; };
		B73299A11E65522F005D1D65 /* MSSBrowseNetworkViewController.m */ = {isa = PBXFileReference; fileEncoding = 4; lastKnownFileType = sourcecode.c.objc; path = MSSBrowseNetworkViewController.m; sourceTree = "<group>"; };
		B73299A21E65522F005D1D65 /* MSSBrowseRemindView.h */ = {isa = PBXFileReference; fileEncoding = 4; lastKnownFileType = sourcecode.c.h; path = MSSBrowseRemindView.h; sourceTree = "<group>"; };
		B73299A31E65522F005D1D65 /* MSSBrowseRemindView.m */ = {isa = PBXFileReference; fileEncoding = 4; lastKnownFileType = sourcecode.c.objc; path = MSSBrowseRemindView.m; sourceTree = "<group>"; };
		B73299A41E65522F005D1D65 /* MSSBrowseZoomScrollView.h */ = {isa = PBXFileReference; fileEncoding = 4; lastKnownFileType = sourcecode.c.h; path = MSSBrowseZoomScrollView.h; sourceTree = "<group>"; };
		B73299A51E65522F005D1D65 /* MSSBrowseZoomScrollView.m */ = {isa = PBXFileReference; fileEncoding = 4; lastKnownFileType = sourcecode.c.objc; path = MSSBrowseZoomScrollView.m; sourceTree = "<group>"; };
		B73299A61E65522F005D1D65 /* UIImage+MSSScale.h */ = {isa = PBXFileReference; fileEncoding = 4; lastKnownFileType = sourcecode.c.h; path = "UIImage+MSSScale.h"; sourceTree = "<group>"; };
		B73299A71E65522F005D1D65 /* UIImage+MSSScale.m */ = {isa = PBXFileReference; fileEncoding = 4; lastKnownFileType = sourcecode.c.objc; path = "UIImage+MSSScale.m"; sourceTree = "<group>"; };
		B73299A81E65522F005D1D65 /* UIView+MSSLayout.h */ = {isa = PBXFileReference; fileEncoding = 4; lastKnownFileType = sourcecode.c.h; path = "UIView+MSSLayout.h"; sourceTree = "<group>"; };
		B73299A91E65522F005D1D65 /* UIView+MSSLayout.m */ = {isa = PBXFileReference; fileEncoding = 4; lastKnownFileType = sourcecode.c.objc; path = "UIView+MSSLayout.m"; sourceTree = "<group>"; };
		B73299E51E65574F005D1D65 /* NSData+ImageContentType.h */ = {isa = PBXFileReference; fileEncoding = 4; lastKnownFileType = sourcecode.c.h; path = "NSData+ImageContentType.h"; sourceTree = "<group>"; };
		B73299E61E65574F005D1D65 /* NSData+ImageContentType.m */ = {isa = PBXFileReference; fileEncoding = 4; lastKnownFileType = sourcecode.c.objc; path = "NSData+ImageContentType.m"; sourceTree = "<group>"; };
		B73299E71E65574F005D1D65 /* SDImageCache.h */ = {isa = PBXFileReference; fileEncoding = 4; lastKnownFileType = sourcecode.c.h; path = SDImageCache.h; sourceTree = "<group>"; };
		B73299E81E65574F005D1D65 /* SDImageCache.m */ = {isa = PBXFileReference; fileEncoding = 4; lastKnownFileType = sourcecode.c.objc; path = SDImageCache.m; sourceTree = "<group>"; };
		B73299E91E65574F005D1D65 /* SDWebImageCompat.h */ = {isa = PBXFileReference; fileEncoding = 4; lastKnownFileType = sourcecode.c.h; path = SDWebImageCompat.h; sourceTree = "<group>"; };
		B73299EA1E65574F005D1D65 /* SDWebImageCompat.m */ = {isa = PBXFileReference; fileEncoding = 4; lastKnownFileType = sourcecode.c.objc; path = SDWebImageCompat.m; sourceTree = "<group>"; };
		B73299EB1E65574F005D1D65 /* SDWebImageDecoder.h */ = {isa = PBXFileReference; fileEncoding = 4; lastKnownFileType = sourcecode.c.h; path = SDWebImageDecoder.h; sourceTree = "<group>"; };
		B73299EC1E65574F005D1D65 /* SDWebImageDecoder.m */ = {isa = PBXFileReference; fileEncoding = 4; lastKnownFileType = sourcecode.c.objc; path = SDWebImageDecoder.m; sourceTree = "<group>"; };
		B73299ED1E65574F005D1D65 /* SDWebImageDownloader.h */ = {isa = PBXFileReference; fileEncoding = 4; lastKnownFileType = sourcecode.c.h; path = SDWebImageDownloader.h; sourceTree = "<group>"; };
		B73299EE1E65574F005D1D65 /* SDWebImageDownloader.m */ = {isa = PBXFileReference; fileEncoding = 4; lastKnownFileType = sourcecode.c.objc; path = SDWebImageDownloader.m; sourceTree = "<group>"; };
		B73299EF1E65574F005D1D65 /* SDWebImageDownloaderOperation.h */ = {isa = PBXFileReference; fileEncoding = 4; lastKnownFileType = sourcecode.c.h; path = SDWebImageDownloaderOperation.h; sourceTree = "<group>"; };
		B73299F01E65574F005D1D65 /* SDWebImageDownloaderOperation.m */ = {isa = PBXFileReference; fileEncoding = 4; lastKnownFileType = sourcecode.c.objc; path = SDWebImageDownloaderOperation.m; sourceTree = "<group>"; };
		B73299F11E65574F005D1D65 /* SDWebImageManager.h */ = {isa = PBXFileReference; fileEncoding = 4; lastKnownFileType = sourcecode.c.h; path = SDWebImageManager.h; sourceTree = "<group>"; };
		B73299F21E65574F005D1D65 /* SDWebImageManager.m */ = {isa = PBXFileReference; fileEncoding = 4; lastKnownFileType = sourcecode.c.objc; path = SDWebImageManager.m; sourceTree = "<group>"; };
		B73299F31E65574F005D1D65 /* SDWebImageOperation.h */ = {isa = PBXFileReference; fileEncoding = 4; lastKnownFileType = sourcecode.c.h; path = SDWebImageOperation.h; sourceTree = "<group>"; };
		B73299F41E65574F005D1D65 /* SDWebImagePrefetcher.h */ = {isa = PBXFileReference; fileEncoding = 4; lastKnownFileType = sourcecode.c.h; path = SDWebImagePrefetcher.h; sourceTree = "<group>"; };
		B73299F51E65574F005D1D65 /* SDWebImagePrefetcher.m */ = {isa = PBXFileReference; fileEncoding = 4; lastKnownFileType = sourcecode.c.objc; path = SDWebImagePrefetcher.m; sourceTree = "<group>"; };
		B73299F61E65574F005D1D65 /* UIButton+WebCache.h */ = {isa = PBXFileReference; fileEncoding = 4; lastKnownFileType = sourcecode.c.h; path = "UIButton+WebCache.h"; sourceTree = "<group>"; };
		B73299F71E65574F005D1D65 /* UIButton+WebCache.m */ = {isa = PBXFileReference; fileEncoding = 4; lastKnownFileType = sourcecode.c.objc; path = "UIButton+WebCache.m"; sourceTree = "<group>"; };
		B73299F81E65574F005D1D65 /* UIImage+GIF.h */ = {isa = PBXFileReference; fileEncoding = 4; lastKnownFileType = sourcecode.c.h; path = "UIImage+GIF.h"; sourceTree = "<group>"; };
		B73299F91E65574F005D1D65 /* UIImage+GIF.m */ = {isa = PBXFileReference; fileEncoding = 4; lastKnownFileType = sourcecode.c.objc; path = "UIImage+GIF.m"; sourceTree = "<group>"; };
		B73299FA1E65574F005D1D65 /* UIImage+MultiFormat.h */ = {isa = PBXFileReference; fileEncoding = 4; lastKnownFileType = sourcecode.c.h; path = "UIImage+MultiFormat.h"; sourceTree = "<group>"; };
		B73299FB1E65574F005D1D65 /* UIImage+MultiFormat.m */ = {isa = PBXFileReference; fileEncoding = 4; lastKnownFileType = sourcecode.c.objc; path = "UIImage+MultiFormat.m"; sourceTree = "<group>"; };
		B73299FC1E65574F005D1D65 /* UIImageView+HighlightedWebCache.h */ = {isa = PBXFileReference; fileEncoding = 4; lastKnownFileType = sourcecode.c.h; path = "UIImageView+HighlightedWebCache.h"; sourceTree = "<group>"; };
		B73299FD1E65574F005D1D65 /* UIImageView+HighlightedWebCache.m */ = {isa = PBXFileReference; fileEncoding = 4; lastKnownFileType = sourcecode.c.objc; path = "UIImageView+HighlightedWebCache.m"; sourceTree = "<group>"; };
		B73299FE1E65574F005D1D65 /* UIImageView+WebCache.h */ = {isa = PBXFileReference; fileEncoding = 4; lastKnownFileType = sourcecode.c.h; path = "UIImageView+WebCache.h"; sourceTree = "<group>"; };
		B73299FF1E65574F005D1D65 /* UIImageView+WebCache.m */ = {isa = PBXFileReference; fileEncoding = 4; lastKnownFileType = sourcecode.c.objc; path = "UIImageView+WebCache.m"; sourceTree = "<group>"; };
		B7329A001E65574F005D1D65 /* UIView+WebCacheOperation.h */ = {isa = PBXFileReference; fileEncoding = 4; lastKnownFileType = sourcecode.c.h; path = "UIView+WebCacheOperation.h"; sourceTree = "<group>"; };
		B7329A011E65574F005D1D65 /* UIView+WebCacheOperation.m */ = {isa = PBXFileReference; fileEncoding = 4; lastKnownFileType = sourcecode.c.objc; path = "UIView+WebCacheOperation.m"; sourceTree = "<group>"; };
		B7F240131E654A920096E3FD /* TRZXZJWPhotoPicker.app */ = {isa = PBXFileReference; explicitFileType = wrapper.application; includeInIndex = 0; path = TRZXZJWPhotoPicker.app; sourceTree = BUILT_PRODUCTS_DIR; };
		B7F240171E654A920096E3FD /* main.m */ = {isa = PBXFileReference; lastKnownFileType = sourcecode.c.objc; path = main.m; sourceTree = "<group>"; };
		B7F240191E654A920096E3FD /* AppDelegate.h */ = {isa = PBXFileReference; lastKnownFileType = sourcecode.c.h; path = AppDelegate.h; sourceTree = "<group>"; };
		B7F2401A1E654A920096E3FD /* AppDelegate.m */ = {isa = PBXFileReference; lastKnownFileType = sourcecode.c.objc; path = AppDelegate.m; sourceTree = "<group>"; };
		B7F2401C1E654A920096E3FD /* ViewController.h */ = {isa = PBXFileReference; lastKnownFileType = sourcecode.c.h; path = ViewController.h; sourceTree = "<group>"; };
		B7F2401D1E654A920096E3FD /* ViewController.m */ = {isa = PBXFileReference; lastKnownFileType = sourcecode.c.objc; path = ViewController.m; sourceTree = "<group>"; };
		B7F240201E654A920096E3FD /* Base */ = {isa = PBXFileReference; lastKnownFileType = file.storyboard; name = Base; path = Base.lproj/Main.storyboard; sourceTree = "<group>"; };
		B7F240221E654A920096E3FD /* Assets.xcassets */ = {isa = PBXFileReference; lastKnownFileType = folder.assetcatalog; path = Assets.xcassets; sourceTree = "<group>"; };
		B7F240251E654A920096E3FD /* Base */ = {isa = PBXFileReference; lastKnownFileType = file.storyboard; name = Base; path = Base.lproj/LaunchScreen.storyboard; sourceTree = "<group>"; };
		B7F240271E654A920096E3FD /* Info.plist */ = {isa = PBXFileReference; lastKnownFileType = text.plist.xml; path = Info.plist; sourceTree = "<group>"; };
		B7F2402C1E654A920096E3FD /* TRZXZJWPhotoPickerTests.xctest */ = {isa = PBXFileReference; explicitFileType = wrapper.cfbundle; includeInIndex = 0; path = TRZXZJWPhotoPickerTests.xctest; sourceTree = BUILT_PRODUCTS_DIR; };
		B7F240301E654A920096E3FD /* TRZXZJWPhotoPickerTests.m */ = {isa = PBXFileReference; lastKnownFileType = sourcecode.c.objc; path = TRZXZJWPhotoPickerTests.m; sourceTree = "<group>"; };
		B7F240321E654A920096E3FD /* Info.plist */ = {isa = PBXFileReference; lastKnownFileType = text.plist.xml; path = Info.plist; sourceTree = "<group>"; };
		B7F240371E654A920096E3FD /* TRZXZJWPhotoPickerUITests.xctest */ = {isa = PBXFileReference; explicitFileType = wrapper.cfbundle; includeInIndex = 0; path = TRZXZJWPhotoPickerUITests.xctest; sourceTree = BUILT_PRODUCTS_DIR; };
		B7F2403B1E654A920096E3FD /* TRZXZJWPhotoPickerUITests.m */ = {isa = PBXFileReference; lastKnownFileType = sourcecode.c.objc; path = TRZXZJWPhotoPickerUITests.m; sourceTree = "<group>"; };
		B7F2403D1E654A920096E3FD /* Info.plist */ = {isa = PBXFileReference; lastKnownFileType = text.plist.xml; path = Info.plist; sourceTree = "<group>"; };
		B7F240781E654CA80096E3FD /* AJGradientView.h */ = {isa = PBXFileReference; fileEncoding = 4; lastKnownFileType = sourcecode.c.h; path = AJGradientView.h; sourceTree = "<group>"; };
		B7F240791E654CA80096E3FD /* AJGradientView.m */ = {isa = PBXFileReference; fileEncoding = 4; lastKnownFileType = sourcecode.c.objc; path = AJGradientView.m; sourceTree = "<group>"; };
		B7F2407A1E654CA80096E3FD /* AJPhotoGroupCell.h */ = {isa = PBXFileReference; fileEncoding = 4; lastKnownFileType = sourcecode.c.h; path = AJPhotoGroupCell.h; sourceTree = "<group>"; };
		B7F2407B1E654CA80096E3FD /* AJPhotoGroupCell.m */ = {isa = PBXFileReference; fileEncoding = 4; lastKnownFileType = sourcecode.c.objc; path = AJPhotoGroupCell.m; sourceTree = "<group>"; };
		B7F2407C1E654CA80096E3FD /* AJPhotoGroupView.h */ = {isa = PBXFileReference; fileEncoding = 4; lastKnownFileType = sourcecode.c.h; path = AJPhotoGroupView.h; sourceTree = "<group>"; };
		B7F2407D1E654CA80096E3FD /* AJPhotoGroupView.m */ = {isa = PBXFileReference; fileEncoding = 4; lastKnownFileType = sourcecode.c.objc; path = AJPhotoGroupView.m; sourceTree = "<group>"; };
		B7F2407E1E654CA80096E3FD /* AJPhotoListCell.h */ = {isa = PBXFileReference; fileEncoding = 4; lastKnownFileType = sourcecode.c.h; path = AJPhotoListCell.h; sourceTree = "<group>"; };
		B7F2407F1E654CA80096E3FD /* AJPhotoListCell.m */ = {isa = PBXFileReference; fileEncoding = 4; lastKnownFileType = sourcecode.c.objc; path = AJPhotoListCell.m; sourceTree = "<group>"; };
		B7F240801E654CA80096E3FD /* AJPhotoListCellTapView.h */ = {isa = PBXFileReference; fileEncoding = 4; lastKnownFileType = sourcecode.c.h; path = AJPhotoListCellTapView.h; sourceTree = "<group>"; };
		B7F240811E654CA80096E3FD /* AJPhotoListCellTapView.m */ = {isa = PBXFileReference; fileEncoding = 4; lastKnownFileType = sourcecode.c.objc; path = AJPhotoListCellTapView.m; sourceTree = "<group>"; };
		B7F240821E654CA80096E3FD /* AJPhotoListView.h */ = {isa = PBXFileReference; fileEncoding = 4; lastKnownFileType = sourcecode.c.h; path = AJPhotoListView.h; sourceTree = "<group>"; };
		B7F240831E654CA80096E3FD /* AJPhotoListView.m */ = {isa = PBXFileReference; fileEncoding = 4; lastKnownFileType = sourcecode.c.objc; path = AJPhotoListView.m; sourceTree = "<group>"; };
		B7F240841E654CA80096E3FD /* AJPhotoPickerViewController.h */ = {isa = PBXFileReference; fileEncoding = 4; lastKnownFileType = sourcecode.c.h; path = AJPhotoPickerViewController.h; sourceTree = "<group>"; };
		B7F240851E654CA80096E3FD /* AJPhotoPickerViewController.m */ = {isa = PBXFileReference; fileEncoding = 4; lastKnownFileType = sourcecode.c.objc; path = AJPhotoPickerViewController.m; sourceTree = "<group>"; };
		B7F240881E654CA80096E3FD /* AJPhotoBrowserViewController.h */ = {isa = PBXFileReference; fileEncoding = 4; lastKnownFileType = sourcecode.c.h; path = AJPhotoBrowserViewController.h; sourceTree = "<group>"; };
		B7F240891E654CA80096E3FD /* AJPhotoBrowserViewController.m */ = {isa = PBXFileReference; fileEncoding = 4; lastKnownFileType = sourcecode.c.objc; path = AJPhotoBrowserViewController.m; sourceTree = "<group>"; };
		B7F2408A1E654CA80096E3FD /* AJPhotoTapDetectingImageView.h */ = {isa = PBXFileReference; fileEncoding = 4; lastKnownFileType = sourcecode.c.h; path = AJPhotoTapDetectingImageView.h; sourceTree = "<group>"; };
		B7F2408B1E654CA80096E3FD /* AJPhotoTapDetectingImageView.m */ = {isa = PBXFileReference; fileEncoding = 4; lastKnownFileType = sourcecode.c.objc; path = AJPhotoTapDetectingImageView.m; sourceTree = "<group>"; };
		B7F2408C1E654CA80096E3FD /* AJPhotoZoomingScrollView.h */ = {isa = PBXFileReference; fileEncoding = 4; lastKnownFileType = sourcecode.c.h; path = AJPhotoZoomingScrollView.h; sourceTree = "<group>"; };
		B7F2408D1E654CA80096E3FD /* AJPhotoZoomingScrollView.m */ = {isa = PBXFileReference; fileEncoding = 4; lastKnownFileType = sourcecode.c.objc; path = AJPhotoZoomingScrollView.m; sourceTree = "<group>"; };
		B7F2408E1E654CA80096E3FD /* AJTapDetectingView.h */ = {isa = PBXFileReference; fileEncoding = 4; lastKnownFileType = sourcecode.c.h; path = AJTapDetectingView.h; sourceTree = "<group>"; };
		B7F2408F1E654CA80096E3FD /* AJTapDetectingView.m */ = {isa = PBXFileReference; fileEncoding = 4; lastKnownFileType = sourcecode.c.objc; path = AJTapDetectingView.m; sourceTree = "<group>"; };
		B7F2409C1E654CD40096E3FD /* AssetsPickerVideo@2x.png */ = {isa = PBXFileReference; lastKnownFileType = image.png; path = "AssetsPickerVideo@2x.png"; sourceTree = "<group>"; };
		B7F2409D1E654CD40096E3FD /* BoAssetsCamera@2x.png */ = {isa = PBXFileReference; lastKnownFileType = image.png; path = "BoAssetsCamera@2x.png"; sourceTree = "<group>"; };
		B7F2409E1E654CD40096E3FD /* BoAssetsPickerChecked@2x.png */ = {isa = PBXFileReference; lastKnownFileType = image.png; path = "BoAssetsPickerChecked@2x.png"; sourceTree = "<group>"; };
		B7F2409F1E654CD40096E3FD /* BoSelectGroup_tip@2x.png */ = {isa = PBXFileReference; lastKnownFileType = image.png; path = "BoSelectGroup_tip@2x.png"; sourceTree = "<group>"; };
		F45FDA0C03447AF8971CD338 /* Pods-TRZXZJWPhotoPicker.debug.xcconfig */ = {isa = PBXFileReference; includeInIndex = 1; lastKnownFileType = text.xcconfig; name = "Pods-TRZXZJWPhotoPicker.debug.xcconfig"; path = "Pods/Target Support Files/Pods-TRZXZJWPhotoPicker/Pods-TRZXZJWPhotoPicker.debug.xcconfig"; sourceTree = "<group>"; };
/* End PBXFileReference section */

/* Begin PBXFrameworksBuildPhase section */
		B7F240101E654A920096E3FD /* Frameworks */ = {
			isa = PBXFrameworksBuildPhase;
			buildActionMask = 2147483647;
			files = (
				81C930DEA6A46A78A17C1269 /* Pods_TRZXZJWPhotoPicker.framework in Frameworks */,
			);
			runOnlyForDeploymentPostprocessing = 0;
		};
		B7F240291E654A920096E3FD /* Frameworks */ = {
			isa = PBXFrameworksBuildPhase;
			buildActionMask = 2147483647;
			files = (
			);
			runOnlyForDeploymentPostprocessing = 0;
		};
		B7F240341E654A920096E3FD /* Frameworks */ = {
			isa = PBXFrameworksBuildPhase;
			buildActionMask = 2147483647;
			files = (
			);
			runOnlyForDeploymentPostprocessing = 0;
		};
/* End PBXFrameworksBuildPhase section */

/* Begin PBXGroup section */
		7567E887BC89920E2E400D9D /* Frameworks */ = {
			isa = PBXGroup;
			children = (
				2F3B5411D61B7DAABB92E010 /* Pods_TRZXZJWPhotoPicker.framework */,
			);
			name = Frameworks;
			sourceTree = "<group>";
		};
		B732998E1E65522F005D1D65 /* MSSBrowse */ = {
			isa = PBXGroup;
			children = (
				B732998F1E65522F005D1D65 /* mss_browseLoading@2x.png */,
				B73299901E65522F005D1D65 /* mss_browseLoading@3x.png */,
				B73299911E65522F005D1D65 /* MSSBrowseActionSheet.h */,
				B73299921E65522F005D1D65 /* MSSBrowseActionSheet.m */,
				B73299931E65522F005D1D65 /* MSSBrowseActionSheetCell.h */,
				B73299941E65522F005D1D65 /* MSSBrowseActionSheetCell.m */,
				B73299951E65522F005D1D65 /* MSSBrowseBaseViewController.h */,
				B73299961E65522F005D1D65 /* MSSBrowseBaseViewController.m */,
				B73299971E65522F005D1D65 /* MSSBrowseCollectionViewCell.h */,
				B73299981E65522F005D1D65 /* MSSBrowseCollectionViewCell.m */,
				B73299991E65522F005D1D65 /* MSSBrowseDefine.h */,
				B732999A1E65522F005D1D65 /* MSSBrowseLoadingImageView.h */,
				B732999B1E65522F005D1D65 /* MSSBrowseLoadingImageView.m */,
				B732999C1E65522F005D1D65 /* MSSBrowseLocalViewController.h */,
				B732999D1E65522F005D1D65 /* MSSBrowseLocalViewController.m */,
				B732999E1E65522F005D1D65 /* MSSBrowseModel.h */,
				B732999F1E65522F005D1D65 /* MSSBrowseModel.m */,
				B73299A01E65522F005D1D65 /* MSSBrowseNetworkViewController.h */,
				B73299A11E65522F005D1D65 /* MSSBrowseNetworkViewController.m */,
				B73299A21E65522F005D1D65 /* MSSBrowseRemindView.h */,
				B73299A31E65522F005D1D65 /* MSSBrowseRemindView.m */,
				B73299A41E65522F005D1D65 /* MSSBrowseZoomScrollView.h */,
				B73299A51E65522F005D1D65 /* MSSBrowseZoomScrollView.m */,
				B73299A61E65522F005D1D65 /* UIImage+MSSScale.h */,
				B73299A71E65522F005D1D65 /* UIImage+MSSScale.m */,
				B73299A81E65522F005D1D65 /* UIView+MSSLayout.h */,
				B73299A91E65522F005D1D65 /* UIView+MSSLayout.m */,
			);
			path = MSSBrowse;
			sourceTree = "<group>";
		};
		B73299E41E65574F005D1D65 /* SDWebImage */ = {
			isa = PBXGroup;
			children = (
				B73299E51E65574F005D1D65 /* NSData+ImageContentType.h */,
				B73299E61E65574F005D1D65 /* NSData+ImageContentType.m */,
				B73299E71E65574F005D1D65 /* SDImageCache.h */,
				B73299E81E65574F005D1D65 /* SDImageCache.m */,
				B73299E91E65574F005D1D65 /* SDWebImageCompat.h */,
				B73299EA1E65574F005D1D65 /* SDWebImageCompat.m */,
				B73299EB1E65574F005D1D65 /* SDWebImageDecoder.h */,
				B73299EC1E65574F005D1D65 /* SDWebImageDecoder.m */,
				B73299ED1E65574F005D1D65 /* SDWebImageDownloader.h */,
				B73299EE1E65574F005D1D65 /* SDWebImageDownloader.m */,
				B73299EF1E65574F005D1D65 /* SDWebImageDownloaderOperation.h */,
				B73299F01E65574F005D1D65 /* SDWebImageDownloaderOperation.m */,
				B73299F11E65574F005D1D65 /* SDWebImageManager.h */,
				B73299F21E65574F005D1D65 /* SDWebImageManager.m */,
				B73299F31E65574F005D1D65 /* SDWebImageOperation.h */,
				B73299F41E65574F005D1D65 /* SDWebImagePrefetcher.h */,
				B73299F51E65574F005D1D65 /* SDWebImagePrefetcher.m */,
				B73299F61E65574F005D1D65 /* UIButton+WebCache.h */,
				B73299F71E65574F005D1D65 /* UIButton+WebCache.m */,
				B73299F81E65574F005D1D65 /* UIImage+GIF.h */,
				B73299F91E65574F005D1D65 /* UIImage+GIF.m */,
				B73299FA1E65574F005D1D65 /* UIImage+MultiFormat.h */,
				B73299FB1E65574F005D1D65 /* UIImage+MultiFormat.m */,
				B73299FC1E65574F005D1D65 /* UIImageView+HighlightedWebCache.h */,
				B73299FD1E65574F005D1D65 /* UIImageView+HighlightedWebCache.m */,
				B73299FE1E65574F005D1D65 /* UIImageView+WebCache.h */,
				B73299FF1E65574F005D1D65 /* UIImageView+WebCache.m */,
				B7329A001E65574F005D1D65 /* UIView+WebCacheOperation.h */,
				B7329A011E65574F005D1D65 /* UIView+WebCacheOperation.m */,
			);
			path = SDWebImage;
			sourceTree = "<group>";
		};
		B7F2400A1E654A910096E3FD = {
			isa = PBXGroup;
			children = (
				B7F240151E654A920096E3FD /* TRZXZJWPhotoPicker */,
				B7F2402F1E654A920096E3FD /* TRZXZJWPhotoPickerTests */,
				B7F2403A1E654A920096E3FD /* TRZXZJWPhotoPickerUITests */,
				B7F240141E654A920096E3FD /* Products */,
				E1B09C8679D71D188A43E1A0 /* Pods */,
				7567E887BC89920E2E400D9D /* Frameworks */,
			);
			sourceTree = "<group>";
		};
		B7F240141E654A920096E3FD /* Products */ = {
			isa = PBXGroup;
			children = (
				B7F240131E654A920096E3FD /* TRZXZJWPhotoPicker.app */,
				B7F2402C1E654A920096E3FD /* TRZXZJWPhotoPickerTests.xctest */,
				B7F240371E654A920096E3FD /* TRZXZJWPhotoPickerUITests.xctest */,
			);
			name = Products;
			sourceTree = "<group>";
		};
		B7F240151E654A920096E3FD /* TRZXZJWPhotoPicker */ = {
			isa = PBXGroup;
			children = (
				B7F240771E654CA80096E3FD /* TRZXZJWPhotoPicker */,
				B7F240191E654A920096E3FD /* AppDelegate.h */,
				B7F2401A1E654A920096E3FD /* AppDelegate.m */,
				B7F2401C1E654A920096E3FD /* ViewController.h */,
				B7F2401D1E654A920096E3FD /* ViewController.m */,
				B7F2401F1E654A920096E3FD /* Main.storyboard */,
				B7F240221E654A920096E3FD /* Assets.xcassets */,
				B7F240241E654A920096E3FD /* LaunchScreen.storyboard */,
				B7F240271E654A920096E3FD /* Info.plist */,
				B7F240161E654A920096E3FD /* Supporting Files */,
			);
			path = TRZXZJWPhotoPicker;
			sourceTree = "<group>";
		};
		B7F240161E654A920096E3FD /* Supporting Files */ = {
			isa = PBXGroup;
			children = (
				B7F240171E654A920096E3FD /* main.m */,
			);
			name = "Supporting Files";
			sourceTree = "<group>";
		};
		B7F2402F1E654A920096E3FD /* TRZXZJWPhotoPickerTests */ = {
			isa = PBXGroup;
			children = (
				B7F240301E654A920096E3FD /* TRZXZJWPhotoPickerTests.m */,
				B7F240321E654A920096E3FD /* Info.plist */,
			);
			path = TRZXZJWPhotoPickerTests;
			sourceTree = "<group>";
		};
		B7F2403A1E654A920096E3FD /* TRZXZJWPhotoPickerUITests */ = {
			isa = PBXGroup;
			children = (
				B7F2403B1E654A920096E3FD /* TRZXZJWPhotoPickerUITests.m */,
				B7F2403D1E654A920096E3FD /* Info.plist */,
			);
			path = TRZXZJWPhotoPickerUITests;
			sourceTree = "<group>";
		};
		B7F240771E654CA80096E3FD /* TRZXZJWPhotoPicker */ = {
			isa = PBXGroup;
			children = (
				B73299E41E65574F005D1D65 /* SDWebImage */,
				B732998E1E65522F005D1D65 /* MSSBrowse */,
				B7F2409B1E654CD40096E3FD /* images */,
				B7F240781E654CA80096E3FD /* AJGradientView.h */,
				B7F240791E654CA80096E3FD /* AJGradientView.m */,
				B7F2407A1E654CA80096E3FD /* AJPhotoGroupCell.h */,
				B7F2407B1E654CA80096E3FD /* AJPhotoGroupCell.m */,
				B7F2407C1E654CA80096E3FD /* AJPhotoGroupView.h */,
				B7F2407D1E654CA80096E3FD /* AJPhotoGroupView.m */,
				B7F2407E1E654CA80096E3FD /* AJPhotoListCell.h */,
				B7F2407F1E654CA80096E3FD /* AJPhotoListCell.m */,
				B7F240801E654CA80096E3FD /* AJPhotoListCellTapView.h */,
				B7F240811E654CA80096E3FD /* AJPhotoListCellTapView.m */,
				B7F240821E654CA80096E3FD /* AJPhotoListView.h */,
				B7F240831E654CA80096E3FD /* AJPhotoListView.m */,
				B7F240841E654CA80096E3FD /* AJPhotoPickerViewController.h */,
				B7F240851E654CA80096E3FD /* AJPhotoPickerViewController.m */,
				B7F240861E654CA80096E3FD /* Vendor */,
			);
			path = TRZXZJWPhotoPicker;
			sourceTree = "<group>";
		};
		B7F240861E654CA80096E3FD /* Vendor */ = {
			isa = PBXGroup;
			children = (
				B7F240871E654CA80096E3FD /* AJPhotoBrowser */,
			);
			path = Vendor;
			sourceTree = "<group>";
		};
		B7F240871E654CA80096E3FD /* AJPhotoBrowser */ = {
			isa = PBXGroup;
			children = (
				B7F240881E654CA80096E3FD /* AJPhotoBrowserViewController.h */,
				B7F240891E654CA80096E3FD /* AJPhotoBrowserViewController.m */,
				B7F2408A1E654CA80096E3FD /* AJPhotoTapDetectingImageView.h */,
				B7F2408B1E654CA80096E3FD /* AJPhotoTapDetectingImageView.m */,
				B7F2408C1E654CA80096E3FD /* AJPhotoZoomingScrollView.h */,
				B7F2408D1E654CA80096E3FD /* AJPhotoZoomingScrollView.m */,
				B7F2408E1E654CA80096E3FD /* AJTapDetectingView.h */,
				B7F2408F1E654CA80096E3FD /* AJTapDetectingView.m */,
			);
			path = AJPhotoBrowser;
			sourceTree = "<group>";
		};
		B7F2409B1E654CD40096E3FD /* images */ = {
			isa = PBXGroup;
			children = (
				B7F2409C1E654CD40096E3FD /* AssetsPickerVideo@2x.png */,
				B7F2409D1E654CD40096E3FD /* BoAssetsCamera@2x.png */,
				B7F2409E1E654CD40096E3FD /* BoAssetsPickerChecked@2x.png */,
				B7F2409F1E654CD40096E3FD /* BoSelectGroup_tip@2x.png */,
			);
			path = images;
			sourceTree = "<group>";
		};
		E1B09C8679D71D188A43E1A0 /* Pods */ = {
			isa = PBXGroup;
			children = (
				F45FDA0C03447AF8971CD338 /* Pods-TRZXZJWPhotoPicker.debug.xcconfig */,
				499455D4A66C72BFE8869440 /* Pods-TRZXZJWPhotoPicker.release.xcconfig */,
			);
			name = Pods;
			sourceTree = "<group>";
		};
/* End PBXGroup section */

/* Begin PBXNativeTarget section */
		B7F240121E654A920096E3FD /* TRZXZJWPhotoPicker */ = {
			isa = PBXNativeTarget;
			buildConfigurationList = B7F240401E654A920096E3FD /* Build configuration list for PBXNativeTarget "TRZXZJWPhotoPicker" */;
			buildPhases = (
				F3E8C46A2FC8F8CD07738A42 /* [CP] Check Pods Manifest.lock */,
				B7F2400F1E654A920096E3FD /* Sources */,
				B7F240101E654A920096E3FD /* Frameworks */,
				B7F240111E654A920096E3FD /* Resources */,
				D53B35267895CFC13668B0E3 /* [CP] Embed Pods Frameworks */,
				AD910E03466AAAB348C9FB60 /* [CP] Copy Pods Resources */,
			);
			buildRules = (
			);
			dependencies = (
			);
			name = TRZXZJWPhotoPicker;
			productName = TRZXZJWPhotoPicker;
			productReference = B7F240131E654A920096E3FD /* TRZXZJWPhotoPicker.app */;
			productType = "com.apple.product-type.application";
		};
		B7F2402B1E654A920096E3FD /* TRZXZJWPhotoPickerTests */ = {
			isa = PBXNativeTarget;
			buildConfigurationList = B7F240431E654A920096E3FD /* Build configuration list for PBXNativeTarget "TRZXZJWPhotoPickerTests" */;
			buildPhases = (
				B7F240281E654A920096E3FD /* Sources */,
				B7F240291E654A920096E3FD /* Frameworks */,
				B7F2402A1E654A920096E3FD /* Resources */,
			);
			buildRules = (
			);
			dependencies = (
				B7F2402E1E654A920096E3FD /* PBXTargetDependency */,
			);
			name = TRZXZJWPhotoPickerTests;
			productName = TRZXZJWPhotoPickerTests;
			productReference = B7F2402C1E654A920096E3FD /* TRZXZJWPhotoPickerTests.xctest */;
			productType = "com.apple.product-type.bundle.unit-test";
		};
		B7F240361E654A920096E3FD /* TRZXZJWPhotoPickerUITests */ = {
			isa = PBXNativeTarget;
			buildConfigurationList = B7F240461E654A920096E3FD /* Build configuration list for PBXNativeTarget "TRZXZJWPhotoPickerUITests" */;
			buildPhases = (
				B7F240331E654A920096E3FD /* Sources */,
				B7F240341E654A920096E3FD /* Frameworks */,
				B7F240351E654A920096E3FD /* Resources */,
			);
			buildRules = (
			);
			dependencies = (
				B7F240391E654A920096E3FD /* PBXTargetDependency */,
			);
			name = TRZXZJWPhotoPickerUITests;
			productName = TRZXZJWPhotoPickerUITests;
			productReference = B7F240371E654A920096E3FD /* TRZXZJWPhotoPickerUITests.xctest */;
			productType = "com.apple.product-type.bundle.ui-testing";
		};
/* End PBXNativeTarget section */

/* Begin PBXProject section */
		B7F2400B1E654A910096E3FD /* Project object */ = {
			isa = PBXProject;
			attributes = {
				LastUpgradeCheck = 0820;
				ORGANIZATIONNAME = "张江威";
				TargetAttributes = {
					B7F240121E654A920096E3FD = {
						CreatedOnToolsVersion = 8.2;
						ProvisioningStyle = Automatic;
					};
					B7F2402B1E654A920096E3FD = {
						CreatedOnToolsVersion = 8.2;
						ProvisioningStyle = Automatic;
						TestTargetID = B7F240121E654A920096E3FD;
					};
					B7F240361E654A920096E3FD = {
						CreatedOnToolsVersion = 8.2;
						ProvisioningStyle = Automatic;
						TestTargetID = B7F240121E654A920096E3FD;
					};
				};
			};
			buildConfigurationList = B7F2400E1E654A910096E3FD /* Build configuration list for PBXProject "TRZXZJWPhotoPicker" */;
			compatibilityVersion = "Xcode 3.2";
			developmentRegion = English;
			hasScannedForEncodings = 0;
			knownRegions = (
				en,
				Base,
			);
			mainGroup = B7F2400A1E654A910096E3FD;
			productRefGroup = B7F240141E654A920096E3FD /* Products */;
			projectDirPath = "";
			projectRoot = "";
			targets = (
				B7F240121E654A920096E3FD /* TRZXZJWPhotoPicker */,
				B7F2402B1E654A920096E3FD /* TRZXZJWPhotoPickerTests */,
				B7F240361E654A920096E3FD /* TRZXZJWPhotoPickerUITests */,
			);
		};
/* End PBXProject section */

/* Begin PBXResourcesBuildPhase section */
		B7F240111E654A920096E3FD /* Resources */ = {
			isa = PBXResourcesBuildPhase;
			buildActionMask = 2147483647;
			files = (
				B7F240A21E654CD40096E3FD /* BoAssetsPickerChecked@2x.png in Resources */,
				B7F240A11E654CD40096E3FD /* BoAssetsCamera@2x.png in Resources */,
				B73299AB1E65522F005D1D65 /* mss_browseLoading@3x.png in Resources */,
				B7F240261E654A920096E3FD /* LaunchScreen.storyboard in Resources */,
				B7F240A31E654CD40096E3FD /* BoSelectGroup_tip@2x.png in Resources */,
				B7F240A01E654CD40096E3FD /* AssetsPickerVideo@2x.png in Resources */,
				B7F240231E654A920096E3FD /* Assets.xcassets in Resources */,
				B7F240211E654A920096E3FD /* Main.storyboard in Resources */,
				B73299AA1E65522F005D1D65 /* mss_browseLoading@2x.png in Resources */,
			);
			runOnlyForDeploymentPostprocessing = 0;
		};
		B7F2402A1E654A920096E3FD /* Resources */ = {
			isa = PBXResourcesBuildPhase;
			buildActionMask = 2147483647;
			files = (
			);
			runOnlyForDeploymentPostprocessing = 0;
		};
		B7F240351E654A920096E3FD /* Resources */ = {
			isa = PBXResourcesBuildPhase;
			buildActionMask = 2147483647;
			files = (
			);
			runOnlyForDeploymentPostprocessing = 0;
		};
/* End PBXResourcesBuildPhase section */

/* Begin PBXShellScriptBuildPhase section */
		AD910E03466AAAB348C9FB60 /* [CP] Copy Pods Resources */ = {
			isa = PBXShellScriptBuildPhase;
			buildActionMask = 2147483647;
			files = (
			);
			inputPaths = (
			);
			name = "[CP] Copy Pods Resources";
			outputPaths = (
			);
			runOnlyForDeploymentPostprocessing = 0;
			shellPath = /bin/sh;
			shellScript = "\"${SRCROOT}/Pods/Target Support Files/Pods-TRZXZJWPhotoPicker/Pods-TRZXZJWPhotoPicker-resources.sh\"\n";
			showEnvVarsInLog = 0;
		};
		D53B35267895CFC13668B0E3 /* [CP] Embed Pods Frameworks */ = {
			isa = PBXShellScriptBuildPhase;
			buildActionMask = 2147483647;
			files = (
			);
			inputPaths = (
			);
			name = "[CP] Embed Pods Frameworks";
			outputPaths = (
			);
			runOnlyForDeploymentPostprocessing = 0;
			shellPath = /bin/sh;
			shellScript = "\"${SRCROOT}/Pods/Target Support Files/Pods-TRZXZJWPhotoPicker/Pods-TRZXZJWPhotoPicker-frameworks.sh\"\n";
			showEnvVarsInLog = 0;
		};
		F3E8C46A2FC8F8CD07738A42 /* [CP] Check Pods Manifest.lock */ = {
			isa = PBXShellScriptBuildPhase;
			buildActionMask = 2147483647;
			files = (
			);
			inputPaths = (
			);
			name = "[CP] Check Pods Manifest.lock";
			outputPaths = (
			);
			runOnlyForDeploymentPostprocessing = 0;
			shellPath = /bin/sh;
			shellScript = "diff \"${PODS_ROOT}/../Podfile.lock\" \"${PODS_ROOT}/Manifest.lock\" > /dev/null\nif [ $? != 0 ] ; then\n    # print error to STDERR\n    echo \"error: The sandbox is not in sync with the Podfile.lock. Run 'pod install' or update your CocoaPods installation.\" >&2\n    exit 1\nfi\n";
			showEnvVarsInLog = 0;
		};
/* End PBXShellScriptBuildPhase section */

/* Begin PBXSourcesBuildPhase section */
		B7F2400F1E654A920096E3FD /* Sources */ = {
			isa = PBXSourcesBuildPhase;
			buildActionMask = 2147483647;
			files = (
				B7329A0A1E65574F005D1D65 /* UIButton+WebCache.m in Sources */,
				B73299B71E65522F005D1D65 /* UIView+MSSLayout.m in Sources */,
				B7F2401E1E654A920096E3FD /* ViewController.m in Sources */,
				B73299AD1E65522F005D1D65 /* MSSBrowseActionSheetCell.m in Sources */,
				B73299B01E65522F005D1D65 /* MSSBrowseLoadingImageView.m in Sources */,
				B7329A021E65574F005D1D65 /* NSData+ImageContentType.m in Sources */,
				B73299AF1E65522F005D1D65 /* MSSBrowseCollectionViewCell.m in Sources */,
				B7F2409A1E654CA80096E3FD /* AJTapDetectingView.m in Sources */,
				B73299B61E65522F005D1D65 /* UIImage+MSSScale.m in Sources */,
				B7F240951E654CA80096E3FD /* AJPhotoListView.m in Sources */,
				B7329A041E65574F005D1D65 /* SDWebImageCompat.m in Sources */,
				B7329A081E65574F005D1D65 /* SDWebImageManager.m in Sources */,
				B7F2401B1E654A920096E3FD /* AppDelegate.m in Sources */,
				B7329A0F1E65574F005D1D65 /* UIView+WebCacheOperation.m in Sources */,
				B7329A031E65574F005D1D65 /* SDImageCache.m in Sources */,
				B7329A051E65574F005D1D65 /* SDWebImageDecoder.m in Sources */,
				B7F240931E654CA80096E3FD /* AJPhotoListCell.m in Sources */,
				B73299B51E65522F005D1D65 /* MSSBrowseZoomScrollView.m in Sources */,
				B7329A061E65574F005D1D65 /* SDWebImageDownloader.m in Sources */,
				B73299B11E65522F005D1D65 /* MSSBrowseLocalViewController.m in Sources */,
				B7329A0C1E65574F005D1D65 /* UIImage+MultiFormat.m in Sources */,
				B7F240981E654CA80096E3FD /* AJPhotoTapDetectingImageView.m in Sources */,
				B73299B41E65522F005D1D65 /* MSSBrowseRemindView.m in Sources */,
				B7F240921E654CA80096E3FD /* AJPhotoGroupView.m in Sources */,
				B73299AC1E65522F005D1D65 /* MSSBrowseActionSheet.m in Sources */,
				B73299B31E65522F005D1D65 /* MSSBrowseNetworkViewController.m in Sources */,
				B7329A091E65574F005D1D65 /* SDWebImagePrefetcher.m in Sources */,
				B7F240941E654CA80096E3FD /* AJPhotoListCellTapView.m in Sources */,
				B73299B21E65522F005D1D65 /* MSSBrowseModel.m in Sources */,
				B7329A0D1E65574F005D1D65 /* UIImageView+HighlightedWebCache.m in Sources */,
				B7F240961E654CA80096E3FD /* AJPhotoPickerViewController.m in Sources */,
				B7329A0B1E65574F005D1D65 /* UIImage+GIF.m in Sources */,
				B7F240971E654CA80096E3FD /* AJPhotoBrowserViewController.m in Sources */,
				B7329A0E1E65574F005D1D65 /* UIImageView+WebCache.m in Sources */,
				B7F240181E654A920096E3FD /* main.m in Sources */,
				B7F240901E654CA80096E3FD /* AJGradientView.m in Sources */,
				B7329A071E65574F005D1D65 /* SDWebImageDownloaderOperation.m in Sources */,
				B73299AE1E65522F005D1D65 /* MSSBrowseBaseViewController.m in Sources */,
				B7F240911E654CA80096E3FD /* AJPhotoGroupCell.m in Sources */,
				B7F240991E654CA80096E3FD /* AJPhotoZoomingScrollView.m in Sources */,
			);
			runOnlyForDeploymentPostprocessing = 0;
		};
		B7F240281E654A920096E3FD /* Sources */ = {
			isa = PBXSourcesBuildPhase;
			buildActionMask = 2147483647;
			files = (
				B7F240311E654A920096E3FD /* TRZXZJWPhotoPickerTests.m in Sources */,
			);
			runOnlyForDeploymentPostprocessing = 0;
		};
		B7F240331E654A920096E3FD /* Sources */ = {
			isa = PBXSourcesBuildPhase;
			buildActionMask = 2147483647;
			files = (
				B7F2403C1E654A920096E3FD /* TRZXZJWPhotoPickerUITests.m in Sources */,
			);
			runOnlyForDeploymentPostprocessing = 0;
		};
/* End PBXSourcesBuildPhase section */

/* Begin PBXTargetDependency section */
		B7F2402E1E654A920096E3FD /* PBXTargetDependency */ = {
			isa = PBXTargetDependency;
			target = B7F240121E654A920096E3FD /* TRZXZJWPhotoPicker */;
			targetProxy = B7F2402D1E654A920096E3FD /* PBXContainerItemProxy */;
		};
		B7F240391E654A920096E3FD /* PBXTargetDependency */ = {
			isa = PBXTargetDependency;
			target = B7F240121E654A920096E3FD /* TRZXZJWPhotoPicker */;
			targetProxy = B7F240381E654A920096E3FD /* PBXContainerItemProxy */;
		};
/* End PBXTargetDependency section */

/* Begin PBXVariantGroup section */
		B7F2401F1E654A920096E3FD /* Main.storyboard */ = {
			isa = PBXVariantGroup;
			children = (
				B7F240201E654A920096E3FD /* Base */,
			);
			name = Main.storyboard;
			sourceTree = "<group>";
		};
		B7F240241E654A920096E3FD /* LaunchScreen.storyboard */ = {
			isa = PBXVariantGroup;
			children = (
				B7F240251E654A920096E3FD /* Base */,
			);
			name = LaunchScreen.storyboard;
			sourceTree = "<group>";
		};
/* End PBXVariantGroup section */

/* Begin XCBuildConfiguration section */
		B7F2403E1E654A920096E3FD /* Debug */ = {
			isa = XCBuildConfiguration;
			buildSettings = {
				ALWAYS_SEARCH_USER_PATHS = NO;
				CLANG_ANALYZER_NONNULL = YES;
				CLANG_CXX_LANGUAGE_STANDARD = "gnu++0x";
				CLANG_CXX_LIBRARY = "libc++";
				CLANG_ENABLE_MODULES = YES;
				CLANG_ENABLE_OBJC_ARC = YES;
				CLANG_WARN_BOOL_CONVERSION = YES;
				CLANG_WARN_CONSTANT_CONVERSION = YES;
				CLANG_WARN_DIRECT_OBJC_ISA_USAGE = YES_ERROR;
				CLANG_WARN_DOCUMENTATION_COMMENTS = YES;
				CLANG_WARN_EMPTY_BODY = YES;
				CLANG_WARN_ENUM_CONVERSION = YES;
				CLANG_WARN_INFINITE_RECURSION = YES;
				CLANG_WARN_INT_CONVERSION = YES;
				CLANG_WARN_OBJC_ROOT_CLASS = YES_ERROR;
				CLANG_WARN_SUSPICIOUS_MOVE = YES;
				CLANG_WARN_UNREACHABLE_CODE = YES;
				CLANG_WARN__DUPLICATE_METHOD_MATCH = YES;
				"CODE_SIGN_IDENTITY[sdk=iphoneos*]" = "iPhone Developer";
				COPY_PHASE_STRIP = NO;
				DEBUG_INFORMATION_FORMAT = dwarf;
				ENABLE_STRICT_OBJC_MSGSEND = YES;
				ENABLE_TESTABILITY = YES;
				GCC_C_LANGUAGE_STANDARD = gnu99;
				GCC_DYNAMIC_NO_PIC = NO;
				GCC_NO_COMMON_BLOCKS = YES;
				GCC_OPTIMIZATION_LEVEL = 0;
				GCC_PREPROCESSOR_DEFINITIONS = (
					"DEBUG=1",
					"$(inherited)",
				);
				GCC_WARN_64_TO_32_BIT_CONVERSION = YES;
				GCC_WARN_ABOUT_RETURN_TYPE = YES_ERROR;
				GCC_WARN_UNDECLARED_SELECTOR = YES;
				GCC_WARN_UNINITIALIZED_AUTOS = YES_AGGRESSIVE;
				GCC_WARN_UNUSED_FUNCTION = YES;
				GCC_WARN_UNUSED_VARIABLE = YES;
				IPHONEOS_DEPLOYMENT_TARGET = 10.2;
				MTL_ENABLE_DEBUG_INFO = YES;
				ONLY_ACTIVE_ARCH = YES;
				SDKROOT = iphoneos;
				TARGETED_DEVICE_FAMILY = "1,2";
			};
			name = Debug;
		};
		B7F2403F1E654A920096E3FD /* Release */ = {
			isa = XCBuildConfiguration;
			buildSettings = {
				ALWAYS_SEARCH_USER_PATHS = NO;
				CLANG_ANALYZER_NONNULL = YES;
				CLANG_CXX_LANGUAGE_STANDARD = "gnu++0x";
				CLANG_CXX_LIBRARY = "libc++";
				CLANG_ENABLE_MODULES = YES;
				CLANG_ENABLE_OBJC_ARC = YES;
				CLANG_WARN_BOOL_CONVERSION = YES;
				CLANG_WARN_CONSTANT_CONVERSION = YES;
				CLANG_WARN_DIRECT_OBJC_ISA_USAGE = YES_ERROR;
				CLANG_WARN_DOCUMENTATION_COMMENTS = YES;
				CLANG_WARN_EMPTY_BODY = YES;
				CLANG_WARN_ENUM_CONVERSION = YES;
				CLANG_WARN_INFINITE_RECURSION = YES;
				CLANG_WARN_INT_CONVERSION = YES;
				CLANG_WARN_OBJC_ROOT_CLASS = YES_ERROR;
				CLANG_WARN_SUSPICIOUS_MOVE = YES;
				CLANG_WARN_UNREACHABLE_CODE = YES;
				CLANG_WARN__DUPLICATE_METHOD_MATCH = YES;
				"CODE_SIGN_IDENTITY[sdk=iphoneos*]" = "iPhone Developer";
				COPY_PHASE_STRIP = NO;
				DEBUG_INFORMATION_FORMAT = "dwarf-with-dsym";
				ENABLE_NS_ASSERTIONS = NO;
				ENABLE_STRICT_OBJC_MSGSEND = YES;
				GCC_C_LANGUAGE_STANDARD = gnu99;
				GCC_NO_COMMON_BLOCKS = YES;
				GCC_WARN_64_TO_32_BIT_CONVERSION = YES;
				GCC_WARN_ABOUT_RETURN_TYPE = YES_ERROR;
				GCC_WARN_UNDECLARED_SELECTOR = YES;
				GCC_WARN_UNINITIALIZED_AUTOS = YES_AGGRESSIVE;
				GCC_WARN_UNUSED_FUNCTION = YES;
				GCC_WARN_UNUSED_VARIABLE = YES;
				IPHONEOS_DEPLOYMENT_TARGET = 10.2;
				MTL_ENABLE_DEBUG_INFO = NO;
				SDKROOT = iphoneos;
				TARGETED_DEVICE_FAMILY = "1,2";
				VALIDATE_PRODUCT = YES;
			};
			name = Release;
		};
		B7F240411E654A920096E3FD /* Debug */ = {
			isa = XCBuildConfiguration;
			baseConfigurationReference = F45FDA0C03447AF8971CD338 /* Pods-TRZXZJWPhotoPicker.debug.xcconfig */;
			buildSettings = {
				ASSETCATALOG_COMPILER_APPICON_NAME = AppIcon;
				INFOPLIST_FILE = TRZXZJWPhotoPicker/Info.plist;
				LD_RUNPATH_SEARCH_PATHS = "$(inherited) @executable_path/Frameworks";
				PRODUCT_BUNDLE_IDENTIFIER = com.JWZhang.TRZXZJWPhotoPicker;
				PRODUCT_NAME = "$(TARGET_NAME)";
			};
			name = Debug;
		};
		B7F240421E654A920096E3FD /* Release */ = {
			isa = XCBuildConfiguration;
			baseConfigurationReference = 499455D4A66C72BFE8869440 /* Pods-TRZXZJWPhotoPicker.release.xcconfig */;
			buildSettings = {
				ASSETCATALOG_COMPILER_APPICON_NAME = AppIcon;
				INFOPLIST_FILE = TRZXZJWPhotoPicker/Info.plist;
				LD_RUNPATH_SEARCH_PATHS = "$(inherited) @executable_path/Frameworks";
				PRODUCT_BUNDLE_IDENTIFIER = com.JWZhang.TRZXZJWPhotoPicker;
				PRODUCT_NAME = "$(TARGET_NAME)";
			};
			name = Release;
		};
		B7F240441E654A920096E3FD /* Debug */ = {
			isa = XCBuildConfiguration;
			buildSettings = {
				BUNDLE_LOADER = "$(TEST_HOST)";
				INFOPLIST_FILE = TRZXZJWPhotoPickerTests/Info.plist;
				LD_RUNPATH_SEARCH_PATHS = "$(inherited) @executable_path/Frameworks @loader_path/Frameworks";
				PRODUCT_BUNDLE_IDENTIFIER = com.JWZhang.TRZXZJWPhotoPickerTests;
				PRODUCT_NAME = "$(TARGET_NAME)";
				TEST_HOST = "$(BUILT_PRODUCTS_DIR)/TRZXZJWPhotoPicker.app/TRZXZJWPhotoPicker";
			};
			name = Debug;
		};
		B7F240451E654A920096E3FD /* Release */ = {
			isa = XCBuildConfiguration;
			buildSettings = {
				BUNDLE_LOADER = "$(TEST_HOST)";
				INFOPLIST_FILE = TRZXZJWPhotoPickerTests/Info.plist;
				LD_RUNPATH_SEARCH_PATHS = "$(inherited) @executable_path/Frameworks @loader_path/Frameworks";
				PRODUCT_BUNDLE_IDENTIFIER = com.JWZhang.TRZXZJWPhotoPickerTests;
				PRODUCT_NAME = "$(TARGET_NAME)";
				TEST_HOST = "$(BUILT_PRODUCTS_DIR)/TRZXZJWPhotoPicker.app/TRZXZJWPhotoPicker";
			};
			name = Release;
		};
		B7F240471E654A920096E3FD /* Debug */ = {
			isa = XCBuildConfiguration;
			buildSettings = {
				INFOPLIST_FILE = TRZXZJWPhotoPickerUITests/Info.plist;
				LD_RUNPATH_SEARCH_PATHS = "$(inherited) @executable_path/Frameworks @loader_path/Frameworks";
				PRODUCT_BUNDLE_IDENTIFIER = com.JWZhang.TRZXZJWPhotoPickerUITests;
				PRODUCT_NAME = "$(TARGET_NAME)";
				TEST_TARGET_NAME = TRZXZJWPhotoPicker;
			};
			name = Debug;
		};
		B7F240481E654A920096E3FD /* Release */ = {
			isa = XCBuildConfiguration;
			buildSettings = {
				INFOPLIST_FILE = TRZXZJWPhotoPickerUITests/Info.plist;
				LD_RUNPATH_SEARCH_PATHS = "$(inherited) @executable_path/Frameworks @loader_path/Frameworks";
				PRODUCT_BUNDLE_IDENTIFIER = com.JWZhang.TRZXZJWPhotoPickerUITests;
				PRODUCT_NAME = "$(TARGET_NAME)";
				TEST_TARGET_NAME = TRZXZJWPhotoPicker;
			};
			name = Release;
		};
/* End XCBuildConfiguration section */

/* Begin XCConfigurationList section */
		B7F2400E1E654A910096E3FD /* Build configuration list for PBXProject "TRZXZJWPhotoPicker" */ = {
			isa = XCConfigurationList;
			buildConfigurations = (
				B7F2403E1E654A920096E3FD /* Debug */,
				B7F2403F1E654A920096E3FD /* Release */,
			);
			defaultConfigurationIsVisible = 0;
			defaultConfigurationName = Release;
		};
		B7F240401E654A920096E3FD /* Build configuration list for PBXNativeTarget "TRZXZJWPhotoPicker" */ = {
			isa = XCConfigurationList;
			buildConfigurations = (
				B7F240411E654A920096E3FD /* Debug */,
				B7F240421E654A920096E3FD /* Release */,
			);
			defaultConfigurationIsVisible = 0;
			defaultConfigurationName = Release;
		};
		B7F240431E654A920096E3FD /* Build configuration list for PBXNativeTarget "TRZXZJWPhotoPickerTests" */ = {
			isa = XCConfigurationList;
			buildConfigurations = (
				B7F240441E654A920096E3FD /* Debug */,
				B7F240451E654A920096E3FD /* Release */,
			);
			defaultConfigurationIsVisible = 0;
			defaultConfigurationName = Release;
		};
		B7F240461E654A920096E3FD /* Build configuration list for PBXNativeTarget "TRZXZJWPhotoPickerUITests" */ = {
			isa = XCConfigurationList;
			buildConfigurations = (
				B7F240471E654A920096E3FD /* Debug */,
				B7F240481E654A920096E3FD /* Release */,
			);
			defaultConfigurationIsVisible = 0;
			defaultConfigurationName = Release;
		};
/* End XCConfigurationList section */
	};
	rootObject = B7F2400B1E654A910096E3FD /* Project object */;
}
